<?xml version="1.0" encoding="utf-8"?>
<Project ToolsVersion="4.0" xmlns="http://schemas.microsoft.com/developer/msbuild/2003">
  <ItemGroup>
    <Filter Include="Source Files">
      <UniqueIdentifier>{4FC737F1-C7A5-4376-A066-2A32D752A2FF}</UniqueIdentifier>
      <Extensions>cpp;c;cc;cxx;c++;cppm;ixx;def;odl;idl;hpj;bat;asm;asmx</Extensions>
    </Filter>
    <Filter Include="Header Files">
      <UniqueIdentifier>{93995380-89BD-4b04-88EB-625FBE52EBFB}</UniqueIdentifier>
      <Extensions>h;hh;hpp;hxx;h++;hm;inl;inc;ipp;xsd</Extensions>
    </Filter>
    <Filter Include="Resource Files">
      <UniqueIdentifier>{67DA6AB6-F800-4c08-8B7A-83BB121AAD01}</UniqueIdentifier>
      <Extensions>rc;ico;cur;bmp;dlg;rc2;rct;bin;rgs;gif;jpg;jpeg;jpe;resx;tiff;tif;png;wav;mfcribbon-ms</Extensions>
    </Filter>
  </ItemGroup>
  <ItemGroup>
    <ResourceCompile Include="app.rc">
      <Filter>Resource Files</Filter>
    </ResourceCompile>
  </ItemGroup>
  <ItemGroup>
    <ClInclude Include="Resource.h">
      <Filter>Header Files</Filter>
    </ClInclude>
    <ClInclude Include="pch.h">
      <Filter>Header Files</Filter>
    </ClInclude>
    <ClInclude Include="Form_StockPicker.h">
      <Filter>Header Files</Filter>
    </ClInclude>
    <ClInclude Include="Candlestick.h">
      <Filter>Header Files</Filter>
    </ClInclude>
    <ClInclude Include="SmartCandlestick.h">
      <Filter>Header Files</Filter>
    </ClInclude>
    <ClInclude Include="Recognizer.h">
      <Filter>Header Files</Filter>
    </ClInclude>
    <ClInclude Include="Recognizer_Bullish.h">
      <Filter>Header Files</Filter>
    </ClInclude>
    <ClInclude Include="Recognizer_Bearish.h">
      <Filter>Header Files</Filter>
    </ClInclude>
    <ClInclude Include="Recognizer_Neutral.h">
      <Filter>Header Files</Filter>
    </ClInclude>
    <ClInclude Include="Recognizer_Marubozu.h">
      <Filter>Header Files</Filter>
    </ClInclude>
    <ClInclude Include="Recognizer_Hammer.h">
      <Filter>Header Files</Filter>
    </ClInclude>
    <ClInclude Include="Recognizer_Doji.h">
      <Filter>Header Files</Filter>
    </ClInclude>
    <ClInclude Include="Recognizer_DragonflyDoji.h">
      <Filter>Header Files</Filter>
    </ClInclude>
    <ClInclude Include="Recognizer_GravestoneDoji.h">
      <Filter>Header Files</Filter>
    </ClInclude>
    <ClInclude Include="Recognizer_BullishEngulfing.h">
      <Filter>Header Files</Filter>
    </ClInclude>
    <ClInclude Include="Recognizer_BearishEngulfing.h">
      <Filter>Header Files</Filter>
    </ClInclude>
    <ClInclude Include="Recognizer_BullishHarami.h">
      <Filter>Header Files</Filter>
    </ClInclude>
    <ClInclude Include="Recognizer_BearishHarami.h">
      <Filter>Header Files</Filter>
    </ClInclude>
    <ClInclude Include="Recognizer_Peak.h">
      <Filter>Header Files</Filter>
    </ClInclude>
    <ClInclude Include="Recognizer_Valley.h">
      <Filter>Header Files</Filter>
    </ClInclude>
  </ItemGroup>
  <ItemGroup>
    <ClCompile Include="CppCLR_WinFormsProject.cpp">
      <Filter>Source Files</Filter>
    </ClCompile>
    <ClCompile Include="AssemblyInfo.cpp">
      <Filter>Source Files</Filter>
    </ClCompile>
    <ClCompile Include="pch.cpp">
      <Filter>Source Files</Filter>
    </ClCompile>
    <ClCompile Include="Form_StockPicker.cpp">
      <Filter>Source Files</Filter>
    </ClCompile>
    <ClCompile Include="Candlestick.cpp">
      <Filter>Source Files</Filter>
    </ClCompile>
    <ClCompile Include="SmartCandlestick.cpp">
      <Filter>Source Files</Filter>
    </ClCompile>
    <ClCompile Include="Recognizer.cpp">
      <Filter>Source Files</Filter>
    </ClCompile>
    <ClCompile Include="Recognizer_Bullish.cpp">
      <Filter>Source Files</Filter>
    </ClCompile>
    <ClCompile Include="Recognizer_Bearish.cpp">
      <Filter>Source Files</Filter>
    </ClCompile>
    <ClCompile Include="Recognizer_Neutral.cpp">
      <Filter>Source Files</Filter>
    </ClCompile>
    <ClCompile Include="Recognizer_Marubozu.cpp">
      <Filter>Source Files</Filter>
    </ClCompile>
    <ClCompile Include="Recognizer_Hammer.cpp">
      <Filter>Source Files</Filter>
    </ClCompile>
    <ClCompile Include="Recognizer_Doji.cpp">
      <Filter>Source Files</Filter>
    </ClCompile>
    <ClCompile Include="Recognizer_DragonflyDoji.cpp">
      <Filter>Source Files</Filter>
    </ClCompile>
    <ClCompile Include="Recognizer_GravestoneDoji.cpp">
      <Filter>Source Files</Filter>
    </ClCompile>
    <ClCompile Include="Recognizer_BullishEngulfing.cpp">
      <Filter>Source Files</Filter>
    </ClCompile>
    <ClCompile Include="Recognizer_BearishEngulfing.cpp">
      <Filter>Source Files</Filter>
    </ClCompile>
    <ClCompile Include="Recognizer_BullishHarami.cpp">
      <Filter>Source Files</Filter>
    </ClCompile>
    <ClCompile Include="Recognizer_BearishHarami.cpp">
      <Filter>Source Files</Filter>
    </ClCompile>
    <ClCompile Include="Recognizer_Peak.cpp">
      <Filter>Source Files</Filter>
    </ClCompile>
    <ClCompile Include="Recognizer_Valley.cpp">
      <Filter>Source Files</Filter>
    </ClCompile>
  </ItemGroup>
  <ItemGroup>
    <Image Include="app.ico">
      <Filter>Resource Files</Filter>
    </Image>
  </ItemGroup>
</Project>